<Solution>
  <Configurations>
    <BuildType Name="Debug" />
    <BuildType Name="Release" />
    <BuildType Name="Selfhosted" />
  </Configurations>
  <Folder Name="/Ac/">
    <Project Path="Ac.Abstractions/Ac.Abstractions.csproj" Id="e61bfd3b-d044-44fc-b35f-885a2c604b9c" />
    <Project Path="Ac.Application.Contracts/Ac.Application.Contracts.csproj" Id="aeaa0b5b-1838-4aeb-9cf2-602cdf04eebe" />
    <Project Path="Ac.Application/Ac.Application.csproj" />
    <Project Path="Ac.Data/Ac.Data.csproj" />
    <Project Path="Ac.Domain/Ac.Domain.csproj" />
  </Folder>
  <Folder Name="/Connections/">
    <Project Path="Connections.JivoSite/Connections.JivoSite.csproj" Id="c3ac3e7a-2c25-44d0-8c27-3f93946f2605" />
    <Project Path="Connections.OpenAI/Connections.OpenAI.csproj" Id="a1b2c3d4-5e6f-7890-abcd-ef1234567890" />
  </Folder>
  <Folder Name="/Extensions/">
    <Project Path="Shared.Extensions/Shared.Extensions.csproj" Id="31952ad0-1f9f-4b94-9db3-03fb4fd81f3b" />
  </Folder>
  <Project Path="Ac.Admin/Ac.Admin.csproj" Id="0382217f-f528-496a-bc6e-48f44362930c" />
  <Project Path="Ac.Api/Ac.Api.csproj" />
  <Project Path="Ac.Hangfire/Ac.Hangfire.csproj" Id="355a16dc-783a-43de-8571-ec300b6b13f8" />
</Solution>
